{
  "version": 4,
  "terraform_version": "1.0.0",
  "serial": 72,
  "lineage": "d69852bc-ecca-944c-17f3-a3e93bb46b36",
  "outputs": {
    "Azure-Firewall": {
      "value": "azure-firewall",
      "type": "string"
    },
    "Azure-Firewall-PIP": {
      "value": "52.151.232.26",
      "type": "string"
    },
    "Log-Analytics-Primary-Key": {
      "value": "Emb1ePTlcYI98TjfIv13oWh8CHq4i5v8Hb1ueQqUV7piDSB9Fs6L5Kh1fmlufOkYEui23Eg7VXrHZBZNevN9HA==",
      "type": "string",
      "sensitive": true
    },
    "Log-Analytics-Workspace-ID": {
      "value": "2020bcf0-3afd-486a-9a5c-659bd0f5141d",
      "type": "string"
    },
    "Resource-Group": {
      "value": "demo_terraform-resources",
      "type": "string"
    },
    "Subnet-Management": {
      "value": "management-subnet",
      "type": "string"
    },
    "Subnet-Management-Address": {
      "value": [
        "172.31.0.0/27"
      ],
      "type": [
        "list",
        "string"
      ]
    },
    "Subnet-Sanitized-Address": {
      "value": [
        "172.31.0.48/28"
      ],
      "type": [
        "list",
        "string"
      ]
    },
    "Subnet-Sanitized-Name": {
      "value": "sanitized-subnet",
      "type": "string"
    },
    "Subnet-inspection": {
      "value": "inspection-subnet",
      "type": "string"
    },
    "Subnet-inspection-Address": {
      "value": [
        "172.31.0.32/28"
      ],
      "type": [
        "list",
        "string"
      ]
    },
    "Subnet-loadbalancer-Address": {
      "value": [
        "172.31.0.96/27"
      ],
      "type": [
        "list",
        "string"
      ]
    },
    "Subnet-loadbalancer-Name": {
      "value": "loadbalancer-subnet",
      "type": "string"
    },
    "Webserver-IP-Address": {
      "value": "172.31.0.68",
      "type": "string"
    },
    "inspection-vnet-Address": {
      "value": [
        "172.31.0.0/16"
      ],
      "type": [
        "list",
        "string"
      ]
    },
    "inspection-vnet-Name": {
      "value": "inspection-vnet",
      "type": "string"
    }
  },
  "resources": [
    {
      "mode": "managed",
      "type": "azurerm_firewall",
      "name": "azure-firewall",
      "provider": "provider[\"registry.terraform.io/hashicorp/azurerm\"]",
      "instances": [
        {
          "schema_version": 0,
          "attributes": {
            "dns_servers": [],
            "firewall_policy_id": null,
            "id": "/subscriptions/e0b488d0-e8ed-426d-bb22-5dcce490cca9/resourceGroups/demo_terraform-resources/providers/Microsoft.Network/azureFirewalls/azure-firewall",
            "ip_configuration": [
              {
                "name": "azure-firewall-PublicIP-configuration",
                "private_ip_address": "172.31.0.132",
                "public_ip_address_id": "/subscriptions/e0b488d0-e8ed-426d-bb22-5dcce490cca9/resourceGroups/demo_terraform-resources/providers/Microsoft.Network/publicIPAddresses/azure-firewall-PublicIP",
                "subnet_id": "/subscriptions/e0b488d0-e8ed-426d-bb22-5dcce490cca9/resourceGroups/demo_terraform-resources/providers/Microsoft.Network/virtualNetworks/inspection-vnet/subnets/AzureFirewallSubnet"
              }
            ],
            "location": "eastus",
            "management_ip_configuration": [],
            "name": "azure-firewall",
            "private_ip_ranges": [],
            "resource_group_name": "demo_terraform-resources",
            "sku_name": "AZFW_VNet",
            "sku_tier": "Standard",
            "tags": {
              "environment": "Demo"
            },
            "threat_intel_mode": "Alert",
            "timeouts": null,
            "virtual_hub": [],
            "zones": []
          },
          "sensitive_attributes": [],
          "private": "eyJlMmJmYjczMC1lY2FhLTExZTYtOGY4OC0zNDM2M2JjN2M0YzAiOnsiY3JlYXRlIjo1NDAwMDAwMDAwMDAwLCJkZWxldGUiOjU0MDAwMDAwMDAwMDAsInJlYWQiOjMwMDAwMDAwMDAwMCwidXBkYXRlIjo1NDAwMDAwMDAwMDAwfX0=",
          "dependencies": [
            "azurerm_virtual_network.inspection-vnet",
            "azurerm_public_ip.azure-firewall-PublicIP",
            "azurerm_resource_group.demo-rg",
            "azurerm_subnet.azure-firewall-subnet"
          ]
        }
      ]
    },
    {
      "mode": "managed",
      "type": "azurerm_firewall_application_rule_collection",
      "name": "application-rule-collection",
      "provider": "provider[\"registry.terraform.io/hashicorp/azurerm\"]",
      "instances": [
        {
          "schema_version": 0,
          "attributes": {
            "action": "Allow",
            "azure_firewall_name": "azure-firewall",
            "id": "/subscriptions/e0b488d0-e8ed-426d-bb22-5dcce490cca9/resourceGroups/demo_terraform-resources/providers/Microsoft.Network/azureFirewalls/azure-firewall/applicationRuleCollections/application-rule-collection",
            "name": "application-rule-collection",
            "priority": 100,
            "resource_group_name": "demo_terraform-resources",
            "rule": [
              {
                "description": "",
                "fqdn_tags": [],
                "name": "application-rule-collection",
                "protocol": [
                  {
                    "port": 80,
                    "type": "Http"
                  }
                ],
                "source_addresses": [
                  "172.31.0.68"
                ],
                "source_ip_groups": [],
                "target_fqdns": [
                  "*"
                ]
              }
            ],
            "timeouts": null
          },
          "sensitive_attributes": [],
          "private": "eyJlMmJmYjczMC1lY2FhLTExZTYtOGY4OC0zNDM2M2JjN2M0YzAiOnsiY3JlYXRlIjoxODAwMDAwMDAwMDAwLCJkZWxldGUiOjE4MDAwMDAwMDAwMDAsInJlYWQiOjMwMDAwMDAwMDAwMCwidXBkYXRlIjoxODAwMDAwMDAwMDAwfX0=",
          "dependencies": [
            "azurerm_firewall.azure-firewall",
            "azurerm_public_ip.azure-firewall-PublicIP",
            "azurerm_resource_group.demo-rg",
            "azurerm_subnet.azure-firewall-subnet",
            "azurerm_virtual_network.inspection-vnet"
          ]
        }
      ]
    },
    {
      "mode": "managed",
      "type": "azurerm_firewall_nat_rule_collection",
      "name": "allow-inbound-collection",
      "provider": "provider[\"registry.terraform.io/hashicorp/azurerm\"]",
      "instances": [
        {
          "schema_version": 0,
          "attributes": {
            "action": "Dnat",
            "azure_firewall_name": "azure-firewall",
            "id": "/subscriptions/e0b488d0-e8ed-426d-bb22-5dcce490cca9/resourceGroups/demo_terraform-resources/providers/Microsoft.Network/azureFirewalls/azure-firewall/natRuleCollections/allow-inbound-collection",
            "name": "allow-inbound-collection",
            "priority": 100,
            "resource_group_name": "demo_terraform-resources",
            "rule": [
              {
                "description": "",
                "destination_addresses": [
                  "52.151.232.26"
                ],
                "destination_ports": [
                  "80"
                ],
                "name": "allow-inbound",
                "protocols": [
                  "TCP",
                  "UDP"
                ],
                "source_addresses": [
                  "*"
                ],
                "source_ip_groups": [],
                "translated_address": "172.31.0.68",
                "translated_port": "80"
              }
            ],
            "timeouts": null
          },
          "sensitive_attributes": [],
          "private": "eyJlMmJmYjczMC1lY2FhLTExZTYtOGY4OC0zNDM2M2JjN2M0YzAiOnsiY3JlYXRlIjoxODAwMDAwMDAwMDAwLCJkZWxldGUiOjE4MDAwMDAwMDAwMDAsInJlYWQiOjMwMDAwMDAwMDAwMCwidXBkYXRlIjoxODAwMDAwMDAwMDAwfX0=",
          "dependencies": [
            "azurerm_firewall.azure-firewall",
            "azurerm_public_ip.azure-firewall-PublicIP",
            "azurerm_resource_group.demo-rg",
            "azurerm_subnet.azure-firewall-subnet",
            "azurerm_virtual_network.inspection-vnet"
          ]
        }
      ]
    },
    {
      "mode": "managed",
      "type": "azurerm_firewall_network_rule_collection",
      "name": "allow-outbound-collection",
      "provider": "provider[\"registry.terraform.io/hashicorp/azurerm\"]",
      "instances": [
        {
          "schema_version": 0,
          "attributes": {
            "action": "Allow",
            "azure_firewall_name": "azure-firewall",
            "id": "/subscriptions/e0b488d0-e8ed-426d-bb22-5dcce490cca9/resourceGroups/demo_terraform-resources/providers/Microsoft.Network/azureFirewalls/azure-firewall/networkRuleCollections/allow-outbound-collection",
            "name": "allow-outbound-collection",
            "priority": 100,
            "resource_group_name": "demo_terraform-resources",
            "rule": [
              {
                "description": "",
                "destination_addresses": [
                  "*"
                ],
                "destination_fqdns": [],
                "destination_ip_groups": [],
                "destination_ports": [
                  "*"
                ],
                "name": "allow-outbound-collection",
                "protocols": [
                  "Any"
                ],
                "source_addresses": [
                  "*"
                ],
                "source_ip_groups": []
              }
            ],
            "timeouts": null
          },
          "sensitive_attributes": [],
          "private": "eyJlMmJmYjczMC1lY2FhLTExZTYtOGY4OC0zNDM2M2JjN2M0YzAiOnsiY3JlYXRlIjoxODAwMDAwMDAwMDAwLCJkZWxldGUiOjE4MDAwMDAwMDAwMDAsInJlYWQiOjMwMDAwMDAwMDAwMCwidXBkYXRlIjoxODAwMDAwMDAwMDAwfX0=",
          "dependencies": [
            "azurerm_firewall.azure-firewall",
            "azurerm_public_ip.azure-firewall-PublicIP",
            "azurerm_resource_group.demo-rg",
            "azurerm_subnet.azure-firewall-subnet",
            "azurerm_virtual_network.inspection-vnet"
          ]
        }
      ]
    },
    {
      "mode": "managed",
      "type": "azurerm_linux_virtual_machine",
      "name": "webserver",
      "provider": "provider[\"registry.terraform.io/hashicorp/azurerm\"]",
      "instances": [
        {
          "schema_version": 0,
          "attributes": {
            "additional_capabilities": [],
            "admin_password": "CloudOne1234!",
            "admin_ssh_key": [],
            "admin_username": "demoadmin",
            "allow_extension_operations": true,
            "availability_set_id": "",
            "boot_diagnostics": [],
            "computer_name": "webserver",
            "custom_data": null,
            "dedicated_host_id": "",
            "disable_password_authentication": false,
            "encryption_at_host_enabled": false,
            "eviction_policy": "",
            "extensions_time_budget": "PT1H30M",
            "id": "/subscriptions/e0b488d0-e8ed-426d-bb22-5dcce490cca9/resourceGroups/demo_terraform-resources/providers/Microsoft.Compute/virtualMachines/webserver",
            "identity": [],
            "license_type": "",
            "location": "eastus",
            "max_bid_price": -1,
            "name": "webserver",
            "network_interface_ids": [
              "/subscriptions/e0b488d0-e8ed-426d-bb22-5dcce490cca9/resourceGroups/demo_terraform-resources/providers/Microsoft.Network/networkInterfaces/webserver-nic"
            ],
            "os_disk": [
              {
                "caching": "ReadWrite",
                "diff_disk_settings": [],
                "disk_encryption_set_id": "",
                "disk_size_gb": 30,
                "name": "webserver-osdisk",
                "storage_account_type": "Standard_LRS",
                "write_accelerator_enabled": false
              }
            ],
            "plan": [
              {
                "name": "apache-web-server-with-centos-77-free",
                "product": "apache-web-server-with-centos-77-free",
                "publisher": "cognosys"
              }
            ],
            "platform_fault_domain": -1,
            "priority": "Regular",
            "private_ip_address": "172.31.0.68",
            "private_ip_addresses": [
              "172.31.0.68"
            ],
            "provision_vm_agent": true,
            "proximity_placement_group_id": "",
            "public_ip_address": "",
            "public_ip_addresses": [],
            "resource_group_name": "demo_terraform-resources",
            "secret": [],
            "size": "Standard_D2s_v4",
            "source_image_id": "",
            "source_image_reference": [
              {
                "offer": "apache-web-server-with-centos-77-free",
                "publisher": "cognosys",
                "sku": "apache-web-server-with-centos-77-free",
                "version": "1.2019.1009"
              }
            ],
            "tags": {
              "environment": "Demo"
            },
            "timeouts": null,
            "virtual_machine_id": "4f8467fe-0913-4806-a457-9689c11b43b2",
            "virtual_machine_scale_set_id": "",
            "zone": ""
          },
          "sensitive_attributes": [],
          "private": "eyJlMmJmYjczMC1lY2FhLTExZTYtOGY4OC0zNDM2M2JjN2M0YzAiOnsiY3JlYXRlIjoyNzAwMDAwMDAwMDAwLCJkZWxldGUiOjI3MDAwMDAwMDAwMDAsInJlYWQiOjMwMDAwMDAwMDAwMCwidXBkYXRlIjoyNzAwMDAwMDAwMDAwfX0=",
          "dependencies": [
            "azurerm_network_interface.webserver-nic",
            "azurerm_resource_group.demo-rg"
          ]
        }
      ]
    },
    {
      "mode": "managed",
      "type": "azurerm_log_analytics_workspace",
      "name": "log-analytics-workspace",
      "provider": "provider[\"registry.terraform.io/hashicorp/azurerm\"]",
      "instances": [
        {
          "schema_version": 2,
          "attributes": {
            "daily_quota_gb": -1,
            "id": "/subscriptions/e0b488d0-e8ed-426d-bb22-5dcce490cca9/resourceGroups/demo_terraform-resources/providers/Microsoft.OperationalInsights/workspaces/log-analytics-workspace",
            "internet_ingestion_enabled": true,
            "internet_query_enabled": true,
            "location": "eastus",
            "name": "log-analytics-workspace",
            "portal_url": "",
            "primary_shared_key": "Emb1ePTlcYI98TjfIv13oWh8CHq4i5v8Hb1ueQqUV7piDSB9Fs6L5Kh1fmlufOkYEui23Eg7VXrHZBZNevN9HA==",
            "reservation_capcity_in_gb_per_day": null,
            "resource_group_name": "demo_terraform-resources",
            "retention_in_days": 60,
            "secondary_shared_key": "DsMkyfWo0XWLhuZqp6Wy+PITd5ma13gbQwlwfnDi1sW6Z4dqSM3O9tXrKMOcsgF6NM8IXJ13g9tW996XxvQysA==",
            "sku": "pergb2018",
            "tags": {},
            "timeouts": null,
            "workspace_id": "2020bcf0-3afd-486a-9a5c-659bd0f5141d"
          },
          "sensitive_attributes": [],
          "private": "eyJlMmJmYjczMC1lY2FhLTExZTYtOGY4OC0zNDM2M2JjN2M0YzAiOnsiY3JlYXRlIjoxODAwMDAwMDAwMDAwLCJkZWxldGUiOjE4MDAwMDAwMDAwMDAsInJlYWQiOjMwMDAwMDAwMDAwMCwidXBkYXRlIjoxODAwMDAwMDAwMDAwfSwic2NoZW1hX3ZlcnNpb24iOiIyIn0=",
          "dependencies": [
            "azurerm_resource_group.demo-rg"
          ]
        }
      ]
    },
    {
      "mode": "managed",
      "type": "azurerm_network_interface",
      "name": "webserver-nic",
      "provider": "provider[\"registry.terraform.io/hashicorp/azurerm\"]",
      "instances": [
        {
          "schema_version": 0,
          "attributes": {
            "applied_dns_servers": [],
            "dns_servers": [],
            "enable_accelerated_networking": false,
            "enable_ip_forwarding": false,
            "id": "/subscriptions/e0b488d0-e8ed-426d-bb22-5dcce490cca9/resourceGroups/demo_terraform-resources/providers/Microsoft.Network/networkInterfaces/webserver-nic",
            "internal_dns_name_label": "",
            "internal_domain_name_suffix": "4xll0ffrg2vungmspuc3ehz2yd.bx.internal.cloudapp.net",
            "ip_configuration": [
              {
                "name": "vm-ip-config",
                "primary": true,
                "private_ip_address": "172.31.0.68",
                "private_ip_address_allocation": "Dynamic",
                "private_ip_address_version": "IPv4",
                "public_ip_address_id": "",
                "subnet_id": "/subscriptions/e0b488d0-e8ed-426d-bb22-5dcce490cca9/resourceGroups/demo_terraform-resources/providers/Microsoft.Network/virtualNetworks/inspection-vnet/subnets/workload-subnet"
              }
            ],
            "location": "eastus",
            "mac_address": "00-22-48-22-93-4C",
            "name": "webserver-nic",
            "private_ip_address": "172.31.0.68",
            "private_ip_addresses": [
              "172.31.0.68"
            ],
            "resource_group_name": "demo_terraform-resources",
            "tags": {
              "environment": "Demo"
            },
            "timeouts": null,
            "virtual_machine_id": "/subscriptions/e0b488d0-e8ed-426d-bb22-5dcce490cca9/resourceGroups/demo_terraform-resources/providers/Microsoft.Compute/virtualMachines/webserver"
          },
          "sensitive_attributes": [],
          "private": "eyJlMmJmYjczMC1lY2FhLTExZTYtOGY4OC0zNDM2M2JjN2M0YzAiOnsiY3JlYXRlIjoxODAwMDAwMDAwMDAwLCJkZWxldGUiOjE4MDAwMDAwMDAwMDAsInJlYWQiOjMwMDAwMDAwMDAwMCwidXBkYXRlIjoxODAwMDAwMDAwMDAwfX0=",
          "dependencies": [
            "azurerm_resource_group.demo-rg",
            "azurerm_subnet.workload-subnet",
            "azurerm_virtual_network.inspection-vnet"
          ]
        }
      ]
    },
    {
      "mode": "managed",
      "type": "azurerm_network_interface_security_group_association",
      "name": "vm1_nsg_assoc",
      "provider": "provider[\"registry.terraform.io/hashicorp/azurerm\"]",
      "instances": [
        {
          "schema_version": 0,
          "attributes": {
            "id": "/subscriptions/e0b488d0-e8ed-426d-bb22-5dcce490cca9/resourceGroups/demo_terraform-resources/providers/Microsoft.Network/networkInterfaces/webserver-nic|/subscriptions/e0b488d0-e8ed-426d-bb22-5dcce490cca9/resourceGroups/demo_terraform-resources/providers/Microsoft.Network/networkSecurityGroups/demo_terraform-sg",
            "network_interface_id": "/subscriptions/e0b488d0-e8ed-426d-bb22-5dcce490cca9/resourceGroups/demo_terraform-resources/providers/Microsoft.Network/networkInterfaces/webserver-nic",
            "network_security_group_id": "/subscriptions/e0b488d0-e8ed-426d-bb22-5dcce490cca9/resourceGroups/demo_terraform-resources/providers/Microsoft.Network/networkSecurityGroups/demo_terraform-sg",
            "timeouts": null
          },
          "sensitive_attributes": [],
          "private": "eyJlMmJmYjczMC1lY2FhLTExZTYtOGY4OC0zNDM2M2JjN2M0YzAiOnsiY3JlYXRlIjoxODAwMDAwMDAwMDAwLCJkZWxldGUiOjE4MDAwMDAwMDAwMDAsInJlYWQiOjMwMDAwMDAwMDAwMCwidXBkYXRlIjoxODAwMDAwMDAwMDAwfX0=",
          "dependencies": [
            "azurerm_network_interface.webserver-nic",
            "azurerm_network_security_group.vm-sg",
            "azurerm_resource_group.demo-rg",
            "azurerm_subnet.workload-subnet",
            "azurerm_virtual_network.inspection-vnet"
          ]
        }
      ]
    },
    {
      "mode": "managed",
      "type": "azurerm_network_security_group",
      "name": "vm-sg",
      "provider": "provider[\"registry.terraform.io/hashicorp/azurerm\"]",
      "instances": [
        {
          "schema_version": 0,
          "attributes": {
            "id": "/subscriptions/e0b488d0-e8ed-426d-bb22-5dcce490cca9/resourceGroups/demo_terraform-resources/providers/Microsoft.Network/networkSecurityGroups/demo_terraform-sg",
            "location": "eastus",
            "name": "demo_terraform-sg",
            "resource_group_name": "demo_terraform-resources",
            "security_rule": [
              {
                "access": "Allow",
                "description": "",
                "destination_address_prefix": "*",
                "destination_address_prefixes": [],
                "destination_application_security_group_ids": [],
                "destination_port_range": "*",
                "destination_port_ranges": [],
                "direction": "Inbound",
                "name": "All",
                "priority": 100,
                "protocol": "Tcp",
                "source_address_prefix": "70.121.85.105/32",
                "source_address_prefixes": [],
                "source_application_security_group_ids": [],
                "source_port_range": "*",
                "source_port_ranges": []
              }
            ],
            "tags": {},
            "timeouts": null
          },
          "sensitive_attributes": [],
          "private": "eyJlMmJmYjczMC1lY2FhLTExZTYtOGY4OC0zNDM2M2JjN2M0YzAiOnsiY3JlYXRlIjoxODAwMDAwMDAwMDAwLCJkZWxldGUiOjE4MDAwMDAwMDAwMDAsInJlYWQiOjMwMDAwMDAwMDAwMCwidXBkYXRlIjoxODAwMDAwMDAwMDAwfX0=",
          "dependencies": [
            "azurerm_resource_group.demo-rg"
          ]
        }
      ]
    },
    {
      "mode": "managed",
      "type": "azurerm_public_ip",
      "name": "azure-firewall-PublicIP",
      "provider": "provider[\"registry.terraform.io/hashicorp/azurerm\"]",
      "instances": [
        {
          "schema_version": 0,
          "attributes": {
            "allocation_method": "Static",
            "availability_zone": "Zone-Redundant",
            "domain_name_label": null,
            "fqdn": null,
            "id": "/subscriptions/e0b488d0-e8ed-426d-bb22-5dcce490cca9/resourceGroups/demo_terraform-resources/providers/Microsoft.Network/publicIPAddresses/azure-firewall-PublicIP",
            "idle_timeout_in_minutes": 4,
            "ip_address": "52.151.232.26",
            "ip_tags": {},
            "ip_version": "IPv4",
            "location": "eastus",
            "name": "azure-firewall-PublicIP",
            "public_ip_prefix_id": null,
            "resource_group_name": "demo_terraform-resources",
            "reverse_fqdn": null,
            "sku": "Standard",
            "sku_tier": "Regional",
            "tags": {},
            "timeouts": null,
            "zones": []
          },
          "sensitive_attributes": [],
          "private": "eyJlMmJmYjczMC1lY2FhLTExZTYtOGY4OC0zNDM2M2JjN2M0YzAiOnsiY3JlYXRlIjoxODAwMDAwMDAwMDAwLCJkZWxldGUiOjE4MDAwMDAwMDAwMDAsInJlYWQiOjMwMDAwMDAwMDAwMCwidXBkYXRlIjoxODAwMDAwMDAwMDAwfX0=",
          "dependencies": [
            "azurerm_resource_group.demo-rg"
          ]
        }
      ]
    },
    {
      "mode": "managed",
      "type": "azurerm_resource_group",
      "name": "demo-rg",
      "provider": "provider[\"registry.terraform.io/hashicorp/azurerm\"]",
      "instances": [
        {
          "schema_version": 0,
          "attributes": {
            "id": "/subscriptions/e0b488d0-e8ed-426d-bb22-5dcce490cca9/resourceGroups/demo_terraform-resources",
            "location": "eastus",
            "name": "demo_terraform-resources",
            "tags": {
              "environment": "Demo"
            },
            "timeouts": null
          },
          "sensitive_attributes": [],
          "private": "eyJlMmJmYjczMC1lY2FhLTExZTYtOGY4OC0zNDM2M2JjN2M0YzAiOnsiY3JlYXRlIjo1NDAwMDAwMDAwMDAwLCJkZWxldGUiOjU0MDAwMDAwMDAwMDAsInJlYWQiOjMwMDAwMDAwMDAwMCwidXBkYXRlIjo1NDAwMDAwMDAwMDAwfX0="
        }
      ]
    },
    {
      "mode": "managed",
      "type": "azurerm_route_table",
      "name": "route-table-internet-loadbalancer",
      "provider": "provider[\"registry.terraform.io/hashicorp/azurerm\"]",
      "instances": [
        {
          "schema_version": 0,
          "attributes": {
            "disable_bgp_route_propagation": false,
            "id": "/subscriptions/e0b488d0-e8ed-426d-bb22-5dcce490cca9/resourceGroups/demo_terraform-resources/providers/Microsoft.Network/routeTables/route-table-internet-loadbalancer",
            "location": "eastus",
            "name": "route-table-internet-loadbalancer",
            "resource_group_name": "demo_terraform-resources",
            "route": [
              {
                "address_prefix": "0.0.0.0/0",
                "name": "firewall-internet",
                "next_hop_in_ip_address": "",
                "next_hop_type": "Internet"
              },
              {
                "address_prefix": "172.31.0.64/27",
                "name": "firewall-loadbalancer",
                "next_hop_in_ip_address": "172.31.0.100",
                "next_hop_type": "VirtualAppliance"
              }
            ],
            "subnets": [
              "/subscriptions/e0b488d0-e8ed-426d-bb22-5dcce490cca9/resourceGroups/demo_terraform-resources/providers/Microsoft.Network/virtualNetworks/inspection-vnet/subnets/AzureFirewallSubnet"
            ],
            "tags": {
              "environment": "Demo"
            },
            "timeouts": null
          },
          "sensitive_attributes": [],
          "private": "eyJlMmJmYjczMC1lY2FhLTExZTYtOGY4OC0zNDM2M2JjN2M0YzAiOnsiY3JlYXRlIjoxODAwMDAwMDAwMDAwLCJkZWxldGUiOjE4MDAwMDAwMDAwMDAsInJlYWQiOjMwMDAwMDAwMDAwMCwidXBkYXRlIjoxODAwMDAwMDAwMDAwfX0=",
          "dependencies": [
            "azurerm_resource_group.demo-rg"
          ]
        }
      ]
    },
    {
      "mode": "managed",
      "type": "azurerm_route_table",
      "name": "route-table-sanitized-firewall",
      "provider": "provider[\"registry.terraform.io/hashicorp/azurerm\"]",
      "instances": [
        {
          "schema_version": 0,
          "attributes": {
            "disable_bgp_route_propagation": false,
            "id": "/subscriptions/e0b488d0-e8ed-426d-bb22-5dcce490cca9/resourceGroups/demo_terraform-resources/providers/Microsoft.Network/routeTables/route-table-sanitized-firewall",
            "location": "eastus",
            "name": "route-table-sanitized-firewall",
            "resource_group_name": "demo_terraform-resources",
            "route": [
              {
                "address_prefix": "0.0.0.0/0",
                "name": "sanitized-firewall",
                "next_hop_in_ip_address": "172.31.0.132",
                "next_hop_type": "VirtualAppliance"
              }
            ],
            "subnets": [
              "/subscriptions/e0b488d0-e8ed-426d-bb22-5dcce490cca9/resourceGroups/demo_terraform-resources/providers/Microsoft.Network/virtualNetworks/inspection-vnet/subnets/sanitized-subnet"
            ],
            "tags": {
              "environment": "Demo"
            },
            "timeouts": null
          },
          "sensitive_attributes": [],
          "private": "eyJlMmJmYjczMC1lY2FhLTExZTYtOGY4OC0zNDM2M2JjN2M0YzAiOnsiY3JlYXRlIjoxODAwMDAwMDAwMDAwLCJkZWxldGUiOjE4MDAwMDAwMDAwMDAsInJlYWQiOjMwMDAwMDAwMDAwMCwidXBkYXRlIjoxODAwMDAwMDAwMDAwfX0=",
          "dependencies": [
            "azurerm_resource_group.demo-rg"
          ]
        }
      ]
    },
    {
      "mode": "managed",
      "type": "azurerm_route_table",
      "name": "route-table-workload-loadbalancer",
      "provider": "provider[\"registry.terraform.io/hashicorp/azurerm\"]",
      "instances": [
        {
          "schema_version": 0,
          "attributes": {
            "disable_bgp_route_propagation": false,
            "id": "/subscriptions/e0b488d0-e8ed-426d-bb22-5dcce490cca9/resourceGroups/demo_terraform-resources/providers/Microsoft.Network/routeTables/route-table-workload-loadbalancer",
            "location": "eastus",
            "name": "route-table-workload-loadbalancer",
            "resource_group_name": "demo_terraform-resources",
            "route": [
              {
                "address_prefix": "0.0.0.0/0",
                "name": "route-table-workload-loadbalancer-1",
                "next_hop_in_ip_address": "172.31.0.100",
                "next_hop_type": "VirtualAppliance"
              },
              {
                "address_prefix": "172.31.0.128/26",
                "name": "route-table-workload-loadbalancer-2",
                "next_hop_in_ip_address": "172.31.0.100",
                "next_hop_type": "VirtualAppliance"
              }
            ],
            "subnets": [
              "/subscriptions/e0b488d0-e8ed-426d-bb22-5dcce490cca9/resourceGroups/demo_terraform-resources/providers/Microsoft.Network/virtualNetworks/inspection-vnet/subnets/workload-subnet"
            ],
            "tags": {
              "environment": "Demo"
            },
            "timeouts": null
          },
          "sensitive_attributes": [],
          "private": "eyJlMmJmYjczMC1lY2FhLTExZTYtOGY4OC0zNDM2M2JjN2M0YzAiOnsiY3JlYXRlIjoxODAwMDAwMDAwMDAwLCJkZWxldGUiOjE4MDAwMDAwMDAwMDAsInJlYWQiOjMwMDAwMDAwMDAwMCwidXBkYXRlIjoxODAwMDAwMDAwMDAwfX0=",
          "dependencies": [
            "azurerm_resource_group.demo-rg"
          ]
        }
      ]
    },
    {
      "mode": "managed",
      "type": "azurerm_storage_account",
      "name": "mystorageaccount",
      "provider": "provider[\"registry.terraform.io/hashicorp/azurerm\"]",
      "instances": [
        {
          "schema_version": 2,
          "attributes": {
            "access_tier": "Hot",
            "account_kind": "StorageV2",
            "account_replication_type": "LRS",
            "account_tier": "Standard",
            "allow_blob_public_access": false,
            "azure_files_authentication": [],
            "blob_properties": [
              {
                "change_feed_enabled": false,
                "container_delete_retention_policy": [],
                "cors_rule": [],
                "default_service_version": "",
                "delete_retention_policy": [],
                "last_access_time_enabled": false,
                "versioning_enabled": false
              }
            ],
            "custom_domain": [],
            "enable_https_traffic_only": true,
            "id": "/subscriptions/e0b488d0-e8ed-426d-bb22-5dcce490cca9/resourceGroups/demo_terraform-resources/providers/Microsoft.Storage/storageAccounts/diag1b3b4d2a76bf60e6",
            "identity": [],
            "is_hns_enabled": false,
            "large_file_share_enabled": null,
            "location": "eastus",
            "min_tls_version": "TLS1_0",
            "name": "diag1b3b4d2a76bf60e6",
            "network_rules": [
              {
                "bypass": [
                  "AzureServices"
                ],
                "default_action": "Allow",
                "ip_rules": [],
                "private_link_access": [],
                "virtual_network_subnet_ids": []
              }
            ],
            "nfsv3_enabled": false,
            "primary_access_key": "N8srZpv1ABXTyUgJqCJ9h66xQ5WgMyJRN5/sb+F5UnkksFTjG4BsYwgmo9yT5NsUJwYhLhDVxZu+4g/YuNr/sA==",
            "primary_blob_connection_string": "DefaultEndpointsProtocol=https;BlobEndpoint=https://diag1b3b4d2a76bf60e6.blob.core.windows.net/;AccountName=diag1b3b4d2a76bf60e6;AccountKey=N8srZpv1ABXTyUgJqCJ9h66xQ5WgMyJRN5/sb+F5UnkksFTjG4BsYwgmo9yT5NsUJwYhLhDVxZu+4g/YuNr/sA==",
            "primary_blob_endpoint": "https://diag1b3b4d2a76bf60e6.blob.core.windows.net/",
            "primary_blob_host": "diag1b3b4d2a76bf60e6.blob.core.windows.net",
            "primary_connection_string": "DefaultEndpointsProtocol=https;AccountName=diag1b3b4d2a76bf60e6;AccountKey=N8srZpv1ABXTyUgJqCJ9h66xQ5WgMyJRN5/sb+F5UnkksFTjG4BsYwgmo9yT5NsUJwYhLhDVxZu+4g/YuNr/sA==;EndpointSuffix=core.windows.net",
            "primary_dfs_endpoint": "https://diag1b3b4d2a76bf60e6.dfs.core.windows.net/",
            "primary_dfs_host": "diag1b3b4d2a76bf60e6.dfs.core.windows.net",
            "primary_file_endpoint": "https://diag1b3b4d2a76bf60e6.file.core.windows.net/",
            "primary_file_host": "diag1b3b4d2a76bf60e6.file.core.windows.net",
            "primary_location": "eastus",
            "primary_queue_endpoint": "https://diag1b3b4d2a76bf60e6.queue.core.windows.net/",
            "primary_queue_host": "diag1b3b4d2a76bf60e6.queue.core.windows.net",
            "primary_table_endpoint": "https://diag1b3b4d2a76bf60e6.table.core.windows.net/",
            "primary_table_host": "diag1b3b4d2a76bf60e6.table.core.windows.net",
            "primary_web_endpoint": "https://diag1b3b4d2a76bf60e6.z13.web.core.windows.net/",
            "primary_web_host": "diag1b3b4d2a76bf60e6.z13.web.core.windows.net",
            "queue_properties": [
              {
                "cors_rule": [],
                "hour_metrics": [
                  {
                    "enabled": true,
                    "include_apis": true,
                    "retention_policy_days": 7,
                    "version": "1.0"
                  }
                ],
                "logging": [
                  {
                    "delete": false,
                    "read": false,
                    "retention_policy_days": 0,
                    "version": "1.0",
                    "write": false
                  }
                ],
                "minute_metrics": [
                  {
                    "enabled": false,
                    "include_apis": false,
                    "retention_policy_days": 0,
                    "version": "1.0"
                  }
                ]
              }
            ],
            "resource_group_name": "demo_terraform-resources",
            "routing": [],
            "secondary_access_key": "PIj6jtS4vrXFWIH5vi8okPFDElCKCTsgb94qJtzBuJ4kOwRmGBWZm3h60Dag2IJkANHde027Mir11PsANdg8gg==",
            "secondary_blob_connection_string": "",
            "secondary_blob_endpoint": null,
            "secondary_blob_host": null,
            "secondary_connection_string": "DefaultEndpointsProtocol=https;AccountName=diag1b3b4d2a76bf60e6;AccountKey=PIj6jtS4vrXFWIH5vi8okPFDElCKCTsgb94qJtzBuJ4kOwRmGBWZm3h60Dag2IJkANHde027Mir11PsANdg8gg==;EndpointSuffix=core.windows.net",
            "secondary_dfs_endpoint": null,
            "secondary_dfs_host": null,
            "secondary_file_endpoint": null,
            "secondary_file_host": null,
            "secondary_location": "",
            "secondary_queue_endpoint": null,
            "secondary_queue_host": null,
            "secondary_table_endpoint": null,
            "secondary_table_host": null,
            "secondary_web_endpoint": null,
            "secondary_web_host": null,
            "share_properties": [
              {
                "cors_rule": [],
                "retention_policy": [
                  {
                    "days": 7
                  }
                ],
                "smb": []
              }
            ],
            "static_website": [],
            "tags": {
              "environment": "Demo"
            },
            "timeouts": null
          },
          "sensitive_attributes": [],
          "private": "eyJlMmJmYjczMC1lY2FhLTExZTYtOGY4OC0zNDM2M2JjN2M0YzAiOnsiY3JlYXRlIjozNjAwMDAwMDAwMDAwLCJkZWxldGUiOjM2MDAwMDAwMDAwMDAsInJlYWQiOjMwMDAwMDAwMDAwMCwidXBkYXRlIjozNjAwMDAwMDAwMDAwfSwic2NoZW1hX3ZlcnNpb24iOiIyIn0=",
          "dependencies": [
            "azurerm_resource_group.demo-rg",
            "random_id.randomId"
          ]
        }
      ]
    },
    {
      "mode": "managed",
      "type": "azurerm_subnet",
      "name": "azure-firewall-subnet",
      "provider": "provider[\"registry.terraform.io/hashicorp/azurerm\"]",
      "instances": [
        {
          "schema_version": 0,
          "attributes": {
            "address_prefix": "172.31.0.128/26",
            "address_prefixes": [
              "172.31.0.128/26"
            ],
            "delegation": [],
            "enforce_private_link_endpoint_network_policies": false,
            "enforce_private_link_service_network_policies": false,
            "id": "/subscriptions/e0b488d0-e8ed-426d-bb22-5dcce490cca9/resourceGroups/demo_terraform-resources/providers/Microsoft.Network/virtualNetworks/inspection-vnet/subnets/AzureFirewallSubnet",
            "name": "AzureFirewallSubnet",
            "resource_group_name": "demo_terraform-resources",
            "service_endpoint_policy_ids": [],
            "service_endpoints": [],
            "timeouts": null,
            "virtual_network_name": "inspection-vnet"
          },
          "sensitive_attributes": [],
          "private": "eyJlMmJmYjczMC1lY2FhLTExZTYtOGY4OC0zNDM2M2JjN2M0YzAiOnsiY3JlYXRlIjoxODAwMDAwMDAwMDAwLCJkZWxldGUiOjE4MDAwMDAwMDAwMDAsInJlYWQiOjMwMDAwMDAwMDAwMCwidXBkYXRlIjoxODAwMDAwMDAwMDAwfX0=",
          "dependencies": [
            "azurerm_resource_group.demo-rg",
            "azurerm_virtual_network.inspection-vnet"
          ]
        }
      ]
    },
    {
      "mode": "managed",
      "type": "azurerm_subnet",
      "name": "inspection-subnet",
      "provider": "provider[\"registry.terraform.io/hashicorp/azurerm\"]",
      "instances": [
        {
          "schema_version": 0,
          "attributes": {
            "address_prefix": "172.31.0.32/28",
            "address_prefixes": [
              "172.31.0.32/28"
            ],
            "delegation": [],
            "enforce_private_link_endpoint_network_policies": false,
            "enforce_private_link_service_network_policies": false,
            "id": "/subscriptions/e0b488d0-e8ed-426d-bb22-5dcce490cca9/resourceGroups/demo_terraform-resources/providers/Microsoft.Network/virtualNetworks/inspection-vnet/subnets/inspection-subnet",
            "name": "inspection-subnet",
            "resource_group_name": "demo_terraform-resources",
            "service_endpoint_policy_ids": [],
            "service_endpoints": [],
            "timeouts": null,
            "virtual_network_name": "inspection-vnet"
          },
          "sensitive_attributes": [],
          "private": "eyJlMmJmYjczMC1lY2FhLTExZTYtOGY4OC0zNDM2M2JjN2M0YzAiOnsiY3JlYXRlIjoxODAwMDAwMDAwMDAwLCJkZWxldGUiOjE4MDAwMDAwMDAwMDAsInJlYWQiOjMwMDAwMDAwMDAwMCwidXBkYXRlIjoxODAwMDAwMDAwMDAwfX0=",
          "dependencies": [
            "azurerm_virtual_network.inspection-vnet",
            "azurerm_resource_group.demo-rg"
          ]
        }
      ]
    },
    {
      "mode": "managed",
      "type": "azurerm_subnet",
      "name": "loadbalancer-subnet",
      "provider": "provider[\"registry.terraform.io/hashicorp/azurerm\"]",
      "instances": [
        {
          "schema_version": 0,
          "attributes": {
            "address_prefix": "172.31.0.96/27",
            "address_prefixes": [
              "172.31.0.96/27"
            ],
            "delegation": [],
            "enforce_private_link_endpoint_network_policies": false,
            "enforce_private_link_service_network_policies": false,
            "id": "/subscriptions/e0b488d0-e8ed-426d-bb22-5dcce490cca9/resourceGroups/demo_terraform-resources/providers/Microsoft.Network/virtualNetworks/inspection-vnet/subnets/loadbalancer-subnet",
            "name": "loadbalancer-subnet",
            "resource_group_name": "demo_terraform-resources",
            "service_endpoint_policy_ids": [],
            "service_endpoints": [],
            "timeouts": null,
            "virtual_network_name": "inspection-vnet"
          },
          "sensitive_attributes": [],
          "private": "eyJlMmJmYjczMC1lY2FhLTExZTYtOGY4OC0zNDM2M2JjN2M0YzAiOnsiY3JlYXRlIjoxODAwMDAwMDAwMDAwLCJkZWxldGUiOjE4MDAwMDAwMDAwMDAsInJlYWQiOjMwMDAwMDAwMDAwMCwidXBkYXRlIjoxODAwMDAwMDAwMDAwfX0=",
          "dependencies": [
            "azurerm_resource_group.demo-rg",
            "azurerm_virtual_network.inspection-vnet"
          ]
        }
      ]
    },
    {
      "mode": "managed",
      "type": "azurerm_subnet",
      "name": "management-subnet",
      "provider": "provider[\"registry.terraform.io/hashicorp/azurerm\"]",
      "instances": [
        {
          "schema_version": 0,
          "attributes": {
            "address_prefix": "172.31.0.0/27",
            "address_prefixes": [
              "172.31.0.0/27"
            ],
            "delegation": [],
            "enforce_private_link_endpoint_network_policies": false,
            "enforce_private_link_service_network_policies": false,
            "id": "/subscriptions/e0b488d0-e8ed-426d-bb22-5dcce490cca9/resourceGroups/demo_terraform-resources/providers/Microsoft.Network/virtualNetworks/inspection-vnet/subnets/management-subnet",
            "name": "management-subnet",
            "resource_group_name": "demo_terraform-resources",
            "service_endpoint_policy_ids": [],
            "service_endpoints": [],
            "timeouts": null,
            "virtual_network_name": "inspection-vnet"
          },
          "sensitive_attributes": [],
          "private": "eyJlMmJmYjczMC1lY2FhLTExZTYtOGY4OC0zNDM2M2JjN2M0YzAiOnsiY3JlYXRlIjoxODAwMDAwMDAwMDAwLCJkZWxldGUiOjE4MDAwMDAwMDAwMDAsInJlYWQiOjMwMDAwMDAwMDAwMCwidXBkYXRlIjoxODAwMDAwMDAwMDAwfX0=",
          "dependencies": [
            "azurerm_resource_group.demo-rg",
            "azurerm_virtual_network.inspection-vnet"
          ]
        }
      ]
    },
    {
      "mode": "managed",
      "type": "azurerm_subnet",
      "name": "sanitized-subnet",
      "provider": "provider[\"registry.terraform.io/hashicorp/azurerm\"]",
      "instances": [
        {
          "schema_version": 0,
          "attributes": {
            "address_prefix": "172.31.0.48/28",
            "address_prefixes": [
              "172.31.0.48/28"
            ],
            "delegation": [],
            "enforce_private_link_endpoint_network_policies": false,
            "enforce_private_link_service_network_policies": false,
            "id": "/subscriptions/e0b488d0-e8ed-426d-bb22-5dcce490cca9/resourceGroups/demo_terraform-resources/providers/Microsoft.Network/virtualNetworks/inspection-vnet/subnets/sanitized-subnet",
            "name": "sanitized-subnet",
            "resource_group_name": "demo_terraform-resources",
            "service_endpoint_policy_ids": [],
            "service_endpoints": [],
            "timeouts": null,
            "virtual_network_name": "inspection-vnet"
          },
          "sensitive_attributes": [],
          "private": "eyJlMmJmYjczMC1lY2FhLTExZTYtOGY4OC0zNDM2M2JjN2M0YzAiOnsiY3JlYXRlIjoxODAwMDAwMDAwMDAwLCJkZWxldGUiOjE4MDAwMDAwMDAwMDAsInJlYWQiOjMwMDAwMDAwMDAwMCwidXBkYXRlIjoxODAwMDAwMDAwMDAwfX0=",
          "dependencies": [
            "azurerm_resource_group.demo-rg",
            "azurerm_virtual_network.inspection-vnet"
          ]
        }
      ]
    },
    {
      "mode": "managed",
      "type": "azurerm_subnet",
      "name": "workload-subnet",
      "provider": "provider[\"registry.terraform.io/hashicorp/azurerm\"]",
      "instances": [
        {
          "schema_version": 0,
          "attributes": {
            "address_prefix": "172.31.0.64/27",
            "address_prefixes": [
              "172.31.0.64/27"
            ],
            "delegation": [],
            "enforce_private_link_endpoint_network_policies": false,
            "enforce_private_link_service_network_policies": false,
            "id": "/subscriptions/e0b488d0-e8ed-426d-bb22-5dcce490cca9/resourceGroups/demo_terraform-resources/providers/Microsoft.Network/virtualNetworks/inspection-vnet/subnets/workload-subnet",
            "name": "workload-subnet",
            "resource_group_name": "demo_terraform-resources",
            "service_endpoint_policy_ids": [],
            "service_endpoints": [],
            "timeouts": null,
            "virtual_network_name": "inspection-vnet"
          },
          "sensitive_attributes": [],
          "private": "eyJlMmJmYjczMC1lY2FhLTExZTYtOGY4OC0zNDM2M2JjN2M0YzAiOnsiY3JlYXRlIjoxODAwMDAwMDAwMDAwLCJkZWxldGUiOjE4MDAwMDAwMDAwMDAsInJlYWQiOjMwMDAwMDAwMDAwMCwidXBkYXRlIjoxODAwMDAwMDAwMDAwfX0=",
          "dependencies": [
            "azurerm_resource_group.demo-rg",
            "azurerm_virtual_network.inspection-vnet"
          ]
        }
      ]
    },
    {
      "mode": "managed",
      "type": "azurerm_subnet_route_table_association",
      "name": "azure-firewall-subnet",
      "provider": "provider[\"registry.terraform.io/hashicorp/azurerm\"]",
      "instances": [
        {
          "schema_version": 0,
          "attributes": {
            "id": "/subscriptions/e0b488d0-e8ed-426d-bb22-5dcce490cca9/resourceGroups/demo_terraform-resources/providers/Microsoft.Network/virtualNetworks/inspection-vnet/subnets/AzureFirewallSubnet",
            "route_table_id": "/subscriptions/e0b488d0-e8ed-426d-bb22-5dcce490cca9/resourceGroups/demo_terraform-resources/providers/Microsoft.Network/routeTables/route-table-internet-loadbalancer",
            "subnet_id": "/subscriptions/e0b488d0-e8ed-426d-bb22-5dcce490cca9/resourceGroups/demo_terraform-resources/providers/Microsoft.Network/virtualNetworks/inspection-vnet/subnets/AzureFirewallSubnet",
            "timeouts": null
          },
          "sensitive_attributes": [],
          "private": "eyJlMmJmYjczMC1lY2FhLTExZTYtOGY4OC0zNDM2M2JjN2M0YzAiOnsiY3JlYXRlIjoxODAwMDAwMDAwMDAwLCJkZWxldGUiOjE4MDAwMDAwMDAwMDAsInJlYWQiOjMwMDAwMDAwMDAwMCwidXBkYXRlIjoxODAwMDAwMDAwMDAwfX0=",
          "dependencies": [
            "azurerm_resource_group.demo-rg",
            "azurerm_route_table.route-table-internet-loadbalancer",
            "azurerm_subnet.azure-firewall-subnet",
            "azurerm_virtual_network.inspection-vnet"
          ]
        }
      ]
    },
    {
      "mode": "managed",
      "type": "azurerm_subnet_route_table_association",
      "name": "sanitized-subnet",
      "provider": "provider[\"registry.terraform.io/hashicorp/azurerm\"]",
      "instances": [
        {
          "schema_version": 0,
          "attributes": {
            "id": "/subscriptions/e0b488d0-e8ed-426d-bb22-5dcce490cca9/resourceGroups/demo_terraform-resources/providers/Microsoft.Network/virtualNetworks/inspection-vnet/subnets/sanitized-subnet",
            "route_table_id": "/subscriptions/e0b488d0-e8ed-426d-bb22-5dcce490cca9/resourceGroups/demo_terraform-resources/providers/Microsoft.Network/routeTables/route-table-sanitized-firewall",
            "subnet_id": "/subscriptions/e0b488d0-e8ed-426d-bb22-5dcce490cca9/resourceGroups/demo_terraform-resources/providers/Microsoft.Network/virtualNetworks/inspection-vnet/subnets/sanitized-subnet",
            "timeouts": null
          },
          "sensitive_attributes": [],
          "private": "eyJlMmJmYjczMC1lY2FhLTExZTYtOGY4OC0zNDM2M2JjN2M0YzAiOnsiY3JlYXRlIjoxODAwMDAwMDAwMDAwLCJkZWxldGUiOjE4MDAwMDAwMDAwMDAsInJlYWQiOjMwMDAwMDAwMDAwMCwidXBkYXRlIjoxODAwMDAwMDAwMDAwfX0=",
          "dependencies": [
            "azurerm_virtual_network.inspection-vnet",
            "azurerm_resource_group.demo-rg",
            "azurerm_route_table.route-table-sanitized-firewall",
            "azurerm_subnet.sanitized-subnet"
          ]
        }
      ]
    },
    {
      "mode": "managed",
      "type": "azurerm_subnet_route_table_association",
      "name": "workload-subnet",
      "provider": "provider[\"registry.terraform.io/hashicorp/azurerm\"]",
      "instances": [
        {
          "schema_version": 0,
          "attributes": {
            "id": "/subscriptions/e0b488d0-e8ed-426d-bb22-5dcce490cca9/resourceGroups/demo_terraform-resources/providers/Microsoft.Network/virtualNetworks/inspection-vnet/subnets/workload-subnet",
            "route_table_id": "/subscriptions/e0b488d0-e8ed-426d-bb22-5dcce490cca9/resourceGroups/demo_terraform-resources/providers/Microsoft.Network/routeTables/route-table-workload-loadbalancer",
            "subnet_id": "/subscriptions/e0b488d0-e8ed-426d-bb22-5dcce490cca9/resourceGroups/demo_terraform-resources/providers/Microsoft.Network/virtualNetworks/inspection-vnet/subnets/workload-subnet",
            "timeouts": null
          },
          "sensitive_attributes": [],
          "private": "eyJlMmJmYjczMC1lY2FhLTExZTYtOGY4OC0zNDM2M2JjN2M0YzAiOnsiY3JlYXRlIjoxODAwMDAwMDAwMDAwLCJkZWxldGUiOjE4MDAwMDAwMDAwMDAsInJlYWQiOjMwMDAwMDAwMDAwMCwidXBkYXRlIjoxODAwMDAwMDAwMDAwfX0=",
          "dependencies": [
            "azurerm_resource_group.demo-rg",
            "azurerm_route_table.route-table-workload-loadbalancer",
            "azurerm_subnet.workload-subnet",
            "azurerm_virtual_network.inspection-vnet"
          ]
        }
      ]
    },
    {
      "mode": "managed",
      "type": "azurerm_virtual_network",
      "name": "inspection-vnet",
      "provider": "provider[\"registry.terraform.io/hashicorp/azurerm\"]",
      "instances": [
        {
          "schema_version": 0,
          "attributes": {
            "address_space": [
              "172.31.0.0/16"
            ],
            "bgp_community": "",
            "ddos_protection_plan": [],
            "dns_servers": [],
            "guid": "14bdd6f5-37b1-462b-9992-7d05d21f3cc3",
            "id": "/subscriptions/e0b488d0-e8ed-426d-bb22-5dcce490cca9/resourceGroups/demo_terraform-resources/providers/Microsoft.Network/virtualNetworks/inspection-vnet",
            "location": "eastus",
            "name": "inspection-vnet",
            "resource_group_name": "demo_terraform-resources",
            "subnet": [
              {
                "address_prefix": "172.31.0.0/27",
                "id": "/subscriptions/e0b488d0-e8ed-426d-bb22-5dcce490cca9/resourceGroups/demo_terraform-resources/providers/Microsoft.Network/virtualNetworks/inspection-vnet/subnets/management-subnet",
                "name": "management-subnet",
                "security_group": ""
              },
              {
                "address_prefix": "172.31.0.128/26",
                "id": "/subscriptions/e0b488d0-e8ed-426d-bb22-5dcce490cca9/resourceGroups/demo_terraform-resources/providers/Microsoft.Network/virtualNetworks/inspection-vnet/subnets/AzureFirewallSubnet",
                "name": "AzureFirewallSubnet",
                "security_group": ""
              },
              {
                "address_prefix": "172.31.0.32/28",
                "id": "/subscriptions/e0b488d0-e8ed-426d-bb22-5dcce490cca9/resourceGroups/demo_terraform-resources/providers/Microsoft.Network/virtualNetworks/inspection-vnet/subnets/inspection-subnet",
                "name": "inspection-subnet",
                "security_group": ""
              },
              {
                "address_prefix": "172.31.0.48/28",
                "id": "/subscriptions/e0b488d0-e8ed-426d-bb22-5dcce490cca9/resourceGroups/demo_terraform-resources/providers/Microsoft.Network/virtualNetworks/inspection-vnet/subnets/sanitized-subnet",
                "name": "sanitized-subnet",
                "security_group": ""
              },
              {
                "address_prefix": "172.31.0.64/27",
                "id": "/subscriptions/e0b488d0-e8ed-426d-bb22-5dcce490cca9/resourceGroups/demo_terraform-resources/providers/Microsoft.Network/virtualNetworks/inspection-vnet/subnets/workload-subnet",
                "name": "workload-subnet",
                "security_group": ""
              },
              {
                "address_prefix": "172.31.0.96/27",
                "id": "/subscriptions/e0b488d0-e8ed-426d-bb22-5dcce490cca9/resourceGroups/demo_terraform-resources/providers/Microsoft.Network/virtualNetworks/inspection-vnet/subnets/loadbalancer-subnet",
                "name": "loadbalancer-subnet",
                "security_group": ""
              }
            ],
            "tags": {
              "environment": "Demo"
            },
            "timeouts": null,
            "vm_protection_enabled": false
          },
          "sensitive_attributes": [],
          "private": "eyJlMmJmYjczMC1lY2FhLTExZTYtOGY4OC0zNDM2M2JjN2M0YzAiOnsiY3JlYXRlIjoxODAwMDAwMDAwMDAwLCJkZWxldGUiOjE4MDAwMDAwMDAwMDAsInJlYWQiOjMwMDAwMDAwMDAwMCwidXBkYXRlIjoxODAwMDAwMDAwMDAwfX0=",
          "dependencies": [
            "azurerm_resource_group.demo-rg"
          ]
        }
      ]
    },
    {
      "mode": "managed",
      "type": "random_id",
      "name": "randomId",
      "provider": "provider[\"registry.terraform.io/hashicorp/random\"]",
      "instances": [
        {
          "schema_version": 0,
          "attributes": {
            "b64_std": "GztNKna/YOY=",
            "b64_url": "GztNKna_YOY",
            "byte_length": 8,
            "dec": "1962246907426201830",
            "hex": "1b3b4d2a76bf60e6",
            "id": "GztNKna_YOY",
            "keepers": {
              "resource_group": "demo_terraform-sg"
            },
            "prefix": null
          },
          "sensitive_attributes": [],
          "private": "bnVsbA=="
        }
      ]
    }
  ]
}
